{
  "name": "@slyoldfox/sip",
  "version": "0.0.6.1",
  "lockfileVersion": 2,
  "requires": true,
  "packages": {
    "": {
      "name": "@slyoldfox/sip",
      "version": "0.0.6.1",
      "devDependencies": {
        "coffee-script": "~1.6.2"
      },
      "engines": {
        "node": ">=0.2.2"
      }
    },
    "node_modules/coffee-script": {
      "version": "1.6.3",
      "resolved": "https://registry.npmjs.org/coffee-script/-/coffee-script-1.6.3.tgz",
      "integrity": "sha512-lpusDYw9xym9ZOqFIeQuzzvTvunm2nlRL++BYhUcLn+77vuidExZG+qDPSKUfDXvuaHeFK6QavntXF+HiOq+/Q==",
      "deprecated": "CoffeeScript on NPM has moved to \"coffeescript\" (no hyphen)",
      "dev": true,
      "bin": {
        "cake": "bin/cake",
        "coffee": "bin/coffee"
      },
      "engines": {
        "node": ">=0.8.0"
      }
    }
  },
  "dependencies": {
    "coffee-script": {
      "version": "1.6.3",
      "resolved": "https://registry.npmjs.org/coffee-script/-/coffee-script-1.6.3.tgz",
      "integrity": "sha512-lpusDYw9xym9ZOqFIeQuzzvTvunm2nlRL++BYhUcLn+77vuidExZG+qDPSKUfDXvuaHeFK6QavntXF+HiOq+/Q==",
      "dev": true
    }
  }
}
